---
directories:
  host: directory1.internal.example.com
  port: 2341
http_proxy:
  port: 3219
  frontend: mode http
microservices:
  barker_bizlogic:
    url: "barker.internal"
    default_host: "barker.internal.example.com"
    default_port: 5000
  mongodb:
    url: "mongodb"
    mode: tcp
    proxy_port: 3220
    default_host: "mongodb.internal.example.com"
    default_port: 5000


