---
directories:
  host: directory1.internal.example.com
  port: 2341
services: 
  barker_bizlogic:
    default_services:
      name: "default_bizlogic"
      host: "barker.internal.example.com"
      port: 5432
    microservices:
      name: "barker_bizlogic"
    haproxy:
      port: 3219
      server_options: "check inter 2000 rise 3 fall 2"
      frontend: mode tcp
      backend: mode tcp


